
Microsoft Visual Studio Solution File, Format Version 12.00
# Visual Studio Version 17
VisualStudioVersion = 17.9.34723.18
MinimumVisualStudioVersion = 10.0.40219.1
Project("{FAE04EC0-301F-11D3-BF4B-00C04F79EFBC}") = "UnitTestProject1", "UnitTestProject1.csproj", "{A64DF231-A145-4D11-83A6-ECA6339670A4}"
EndProject
Global
	GlobalSection(SolutionConfigurationPlatforms) = preSolution
		Debug|Any CPU = Debug|Any CPU
		Release|Any CPU = Release|Any CPU
	EndGlobalSection
	GlobalSection(ProjectConfigurationPlatforms) = postSolution
		{A64DF231-A145-4D11-83A6-ECA6339670A4}.Debug|Any CPU.ActiveCfg = Debug|Any CPU
		{A64DF231-A145-4D11-83A6-ECA6339670A4}.Debug|Any CPU.Build.0 = Debug|Any CPU
		{A64DF231-A145-4D11-83A6-ECA6339670A4}.Release|Any CPU.ActiveCfg = Release|Any CPU
		{A64DF231-A145-4D11-83A6-ECA6339670A4}.Release|Any CPU.Build.0 = Release|Any CPU
	EndGlobalSection
	GlobalSection(SolutionProperties) = preSolution
		HideSolutionNode = FALSE
	EndGlobalSection
	GlobalSection(ExtensibilityGlobals) = postSolution
		SolutionGuid = {58E2CC4B-5565-479A-B62A-820A8DE089E6}
	EndGlobalSection
EndGlobal
